{
  "version": 4,
  "terraform_version": "1.9.8",
  "serial": 4,
  "lineage": "2edf935d-5ba8-cade-f1c4-aab98ac550cb",
  "outputs": {
    "directory_path": {
      "value": "my_new_dir",
      "type": "string"
    },
    "file_path": {
      "value": "./myfile.txt",
      "type": "string"
    }
  },
  "resources": [
    {
      "mode": "managed",
      "type": "local_file",
      "name": "example_directory",
      "provider": "provider[\"registry.terraform.io/hashicorp/local\"]",
      "instances": [
        {
          "schema_version": 0,
          "attributes": {
            "content": "",
            "content_base64": null,
            "content_base64sha256": "47DEQpj8HBSa+/TImW+5JCeuQeRkm5NMpJWZG3hSuFU=",
            "content_base64sha512": "z4PhNX7vuL3xVChQ1m2AB9Yg5AULVxXcg/SpIdNs6c5H0NE8XYXysP+DGNKHfuwvY7kxvUdBeoGlODJ6+SfaPg==",
            "content_md5": "d41d8cd98f00b204e9800998ecf8427e",
            "content_sha1": "da39a3ee5e6b4b0d3255bfef95601890afd80709",
            "content_sha256": "e3b0c44298fc1c149afbf4c8996fb92427ae41e4649b934ca495991b7852b855",
            "content_sha512": "cf83e1357eefb8bdf1542850d66d8007d620e4050b5715dc83f4a921d36ce9ce47d0d13c5d85f2b0ff8318d2877eec2f63b931bd47417a81a538327af927da3e",
            "directory_permission": "0755",
            "file_permission": "0644",
            "filename": "./my_new_dir/.keep",
            "id": "da39a3ee5e6b4b0d3255bfef95601890afd80709",
            "sensitive_content": null,
            "source": null
          },
          "sensitive_attributes": [
            [
              {
                "type": "get_attr",
                "value": "sensitive_content"
              }
            ]
          ]
        }
      ]
    },
    {
      "mode": "managed",
      "type": "local_file",
      "name": "example_file",
      "provider": "provider[\"registry.terraform.io/hashicorp/local\"]",
      "instances": [
        {
          "schema_version": 0,
          "attributes": {
            "content": "Hello, this is my new file created by Terraform!",
            "content_base64": null,
            "content_base64sha256": "Wp3K7LPIVz/b75z2w3Ejg3Yj3qPcQBwp9CygDcPtThI=",
            "content_base64sha512": "mJGJu/Fp1/RsBbqj7BjWexJ8jSkg6ratI2qglZhJUV2/DbLPVpVPpqQw/KFWzVQzf1iUMQkc6/b0wblVqNtF2A==",
            "content_md5": "ab28c922be658ac48f1369722710dcc2",
            "content_sha1": "5fb932ba4d332c2193c743778d2ba5d3a72db3b4",
            "content_sha256": "5a9dcaecb3c8573fdbef9cf6c37123837623dea3dc401c29f42ca00dc3ed4e12",
            "content_sha512": "989189bbf169d7f46c05baa3ec18d67b127c8d2920eab6ad236aa0959849515dbf0db2cf56954fa6a430fca156cd54337f589431091cebf6f4c1b955a8db45d8",
            "directory_permission": "0777",
            "file_permission": "0777",
            "filename": "./myfile.txt",
            "id": "5fb932ba4d332c2193c743778d2ba5d3a72db3b4",
            "sensitive_content": null,
            "source": null
          },
          "sensitive_attributes": [
            [
              {
                "type": "get_attr",
                "value": "sensitive_content"
              }
            ]
          ]
        }
      ]
    }
  ],
  "check_results": null
}
